{
  "nodes": {
    "nixpkgs": {
      "locked": {
        "lastModified": 1768472468,
        "narHash": "sha256-JD3QLAyWA3MZ2V8rn/b73umqrUZpaiAKWRwae31+VOQ=",
        "owner": "NixOS",
        "repo": "nixpkgs",
        "rev": "bab50d7ba280c9aaa89d3e0ae3241fa0f492e3ef",
        "type": "github"
      },
      "original": {
        "owner": "NixOS",
        "repo": "nixpkgs",
        "type": "github"
      }
    },
    "root": {
      "inputs": {
        "nixpkgs": "nixpkgs"
      }
    }
  },
  "root": "root",
  "version": 7
}
