{
  "nodes": {
    "nixpkgs": {
      "locked": {
        "lastModified": 1713805134,
        "narHash": "sha256-7OeBpsnVZoGMwtDXe2O+wPfdcSNslJUu+mBSiAVsqs4=",
        "owner": "NixOS",
        "repo": "nixpkgs",
        "rev": "d940860493d990d96ce559d2be472bf566a94344",
        "type": "github"
      },
      "original": {
        "owner": "NixOS",
        "repo": "nixpkgs",
        "type": "github"
      }
    },
    "root": {
      "inputs": {
        "nixpkgs": "nixpkgs"
      }
    }
  },
  "root": "root",
  "version": 7
}
